
Microsoft Visual Studio Solution File, Format Version 12.00
# Visual Studio Version 16
VisualStudioVersion = 16.0.30503.244
MinimumVisualStudioVersion = 10.0.40219.1
Project("{888888A0-9F3D-457C-B088-3A5042F75D52}") = "계산기", "계산기\계산기.pyproj", "{B505C477-801B-4BF0-9F48-ED3BC338EDEF}"
EndProject
Global
	GlobalSection(SolutionConfigurationPlatforms) = preSolution
		Debug|Any CPU = Debug|Any CPU
		Release|Any CPU = Release|Any CPU
	EndGlobalSection
	GlobalSection(ProjectConfigurationPlatforms) = postSolution
		{B505C477-801B-4BF0-9F48-ED3BC338EDEF}.Debug|Any CPU.ActiveCfg = Debug|Any CPU
		{B505C477-801B-4BF0-9F48-ED3BC338EDEF}.Release|Any CPU.ActiveCfg = Release|Any CPU
	EndGlobalSection
	GlobalSection(SolutionProperties) = preSolution
		HideSolutionNode = FALSE
	EndGlobalSection
	GlobalSection(ExtensibilityGlobals) = postSolution
		SolutionGuid = {506524F4-2C6A-4771-A4F6-AC8D4667D1CA}
	EndGlobalSection
EndGlobal
